
Microsoft Visual Studio Solution File, Format Version 12.00
# Visual Studio Version 16
VisualStudioVersion = 16.0.30406.217
MinimumVisualStudioVersion = 10.0.40219.1
Project("{FAE04EC0-301F-11D3-BF4B-00C04F79EFBC}") = "kdac", "kdac\kdac.csproj", "{37D4CB80-C406-4DEC-A666-77C40C654DAB}"
EndProject
Project("{FAE04EC0-301F-11D3-BF4B-00C04F79EFBC}") = "TypeDemo", "TypeDemo\TypeDemo.csproj", "{258F46B5-FD3F-46E7-82DF-3B6402195688}"
EndProject
Global
	GlobalSection(SolutionConfigurationPlatforms) = preSolution
		Debug|Any CPU = Debug|Any CPU
		Release|Any CPU = Release|Any CPU
	EndGlobalSection
	GlobalSection(ProjectConfigurationPlatforms) = postSolution
		{37D4CB80-C406-4DEC-A666-77C40C654DAB}.Debug|Any CPU.ActiveCfg = Debug|Any CPU
		{37D4CB80-C406-4DEC-A666-77C40C654DAB}.Debug|Any CPU.Build.0 = Debug|Any CPU
		{37D4CB80-C406-4DEC-A666-77C40C654DAB}.Release|Any CPU.ActiveCfg = Release|Any CPU
		{37D4CB80-C406-4DEC-A666-77C40C654DAB}.Release|Any CPU.Build.0 = Release|Any CPU
		{258F46B5-FD3F-46E7-82DF-3B6402195688}.Debug|Any CPU.ActiveCfg = Debug|Any CPU
		{258F46B5-FD3F-46E7-82DF-3B6402195688}.Debug|Any CPU.Build.0 = Debug|Any CPU
		{258F46B5-FD3F-46E7-82DF-3B6402195688}.Release|Any CPU.ActiveCfg = Release|Any CPU
		{258F46B5-FD3F-46E7-82DF-3B6402195688}.Release|Any CPU.Build.0 = Release|Any CPU
	EndGlobalSection
	GlobalSection(SolutionProperties) = preSolution
		HideSolutionNode = FALSE
	EndGlobalSection
	GlobalSection(ExtensibilityGlobals) = postSolution
		SolutionGuid = {E583ADFC-81B2-412D-95CB-4EBCF3C9E0BF}
	EndGlobalSection
EndGlobal
