
Microsoft Visual Studio Solution File, Format Version 12.00
# Visual Studio Version 16
VisualStudioVersion = 16.0.30406.217
MinimumVisualStudioVersion = 10.0.40219.1
Project("{FAE04EC0-301F-11D3-BF4B-00C04F79EFBC}") = "_00Demo", "_00Demo\_00Demo.csproj", "{48DD3EB0-2712-4E1D-B8D9-BA4B58B689B0}"
EndProject
Project("{FAE04EC0-301F-11D3-BF4B-00C04F79EFBC}") = "_01Demo", "_01Demo\_01Demo.csproj", "{4D99DD64-DA17-4268-8212-0C1C8DE28155}"
EndProject
Project("{FAE04EC0-301F-11D3-BF4B-00C04F79EFBC}") = "_03DemoSingletonPattern", "_03DemoSingletonPattern\_03DemoSingletonPattern.csproj", "{F4707D94-C4DE-47C9-87F4-4C18750065FE}"
EndProject
Project("{FAE04EC0-301F-11D3-BF4B-00C04F79EFBC}") = "_04DemoAttributes", "_04DemoAttributes\_04DemoAttributes.csproj", "{79C6183F-3444-47C0-9A27-8B90EE9C571E}"
EndProject
Global
	GlobalSection(SolutionConfigurationPlatforms) = preSolution
		Debug|Any CPU = Debug|Any CPU
		Release|Any CPU = Release|Any CPU
	EndGlobalSection
	GlobalSection(ProjectConfigurationPlatforms) = postSolution
		{48DD3EB0-2712-4E1D-B8D9-BA4B58B689B0}.Debug|Any CPU.ActiveCfg = Debug|Any CPU
		{48DD3EB0-2712-4E1D-B8D9-BA4B58B689B0}.Debug|Any CPU.Build.0 = Debug|Any CPU
		{48DD3EB0-2712-4E1D-B8D9-BA4B58B689B0}.Release|Any CPU.ActiveCfg = Release|Any CPU
		{48DD3EB0-2712-4E1D-B8D9-BA4B58B689B0}.Release|Any CPU.Build.0 = Release|Any CPU
		{4D99DD64-DA17-4268-8212-0C1C8DE28155}.Debug|Any CPU.ActiveCfg = Debug|Any CPU
		{4D99DD64-DA17-4268-8212-0C1C8DE28155}.Debug|Any CPU.Build.0 = Debug|Any CPU
		{4D99DD64-DA17-4268-8212-0C1C8DE28155}.Release|Any CPU.ActiveCfg = Release|Any CPU
		{4D99DD64-DA17-4268-8212-0C1C8DE28155}.Release|Any CPU.Build.0 = Release|Any CPU
		{F4707D94-C4DE-47C9-87F4-4C18750065FE}.Debug|Any CPU.ActiveCfg = Debug|Any CPU
		{F4707D94-C4DE-47C9-87F4-4C18750065FE}.Debug|Any CPU.Build.0 = Debug|Any CPU
		{F4707D94-C4DE-47C9-87F4-4C18750065FE}.Release|Any CPU.ActiveCfg = Release|Any CPU
		{F4707D94-C4DE-47C9-87F4-4C18750065FE}.Release|Any CPU.Build.0 = Release|Any CPU
		{79C6183F-3444-47C0-9A27-8B90EE9C571E}.Debug|Any CPU.ActiveCfg = Debug|Any CPU
		{79C6183F-3444-47C0-9A27-8B90EE9C571E}.Debug|Any CPU.Build.0 = Debug|Any CPU
		{79C6183F-3444-47C0-9A27-8B90EE9C571E}.Release|Any CPU.ActiveCfg = Release|Any CPU
		{79C6183F-3444-47C0-9A27-8B90EE9C571E}.Release|Any CPU.Build.0 = Release|Any CPU
	EndGlobalSection
	GlobalSection(SolutionProperties) = preSolution
		HideSolutionNode = FALSE
	EndGlobalSection
	GlobalSection(ExtensibilityGlobals) = postSolution
		SolutionGuid = {65A4D393-14FA-4913-ACDE-1A23D1E30595}
	EndGlobalSection
EndGlobal
