
Microsoft Visual Studio Solution File, Format Version 12.00
# Visual Studio Version 16
VisualStudioVersion = 16.0.30406.217
MinimumVisualStudioVersion = 10.0.40219.1
Project("{FAE04EC0-301F-11D3-BF4B-00C04F79EFBC}") = "_00OOPDemo", "_00OOPDemo\_00OOPDemo.csproj", "{FBA66F9D-F712-490C-90C2-C52E2C4CED7D}"
EndProject
Project("{FAE04EC0-301F-11D3-BF4B-00C04F79EFBC}") = "_01OOPDemo", "_01OOPDemo\_01OOPDemo.csproj", "{126502C1-5B78-469A-AF1F-ECA04BF652B5}"
EndProject
Project("{FAE04EC0-301F-11D3-BF4B-00C04F79EFBC}") = "_02OOPDemo", "_02OOPDemo\_02OOPDemo.csproj", "{B9294CBA-EED5-4BBD-AB78-B1AD11D08C9B}"
EndProject
Project("{FAE04EC0-301F-11D3-BF4B-00C04F79EFBC}") = "_03OOPDemo", "_03OOPDemo\_03OOPDemo.csproj", "{0D1F0A71-3922-4119-8DD3-83128FE3ACCC}"
EndProject
Project("{FAE04EC0-301F-11D3-BF4B-00C04F79EFBC}") = "_04OOPDemo", "_04OOPDemo\_04OOPDemo.csproj", "{B49CA209-E349-4021-BF97-B21A7CFF27DA}"
EndProject
Project("{FAE04EC0-301F-11D3-BF4B-00C04F79EFBC}") = "_05OOPDemo", "_05OOPDemo\_05OOPDemo.csproj", "{6C83E4C0-99B9-48AC-A26F-7A4977B8F8E0}"
EndProject
Project("{FAE04EC0-301F-11D3-BF4B-00C04F79EFBC}") = "_06OOPDemo", "_06OOPDemo\_06OOPDemo.csproj", "{23085F18-1363-4E1A-A2AD-459F6D60D334}"
EndProject
Global
	GlobalSection(SolutionConfigurationPlatforms) = preSolution
		Debug|Any CPU = Debug|Any CPU
		Release|Any CPU = Release|Any CPU
	EndGlobalSection
	GlobalSection(ProjectConfigurationPlatforms) = postSolution
		{FBA66F9D-F712-490C-90C2-C52E2C4CED7D}.Debug|Any CPU.ActiveCfg = Debug|Any CPU
		{FBA66F9D-F712-490C-90C2-C52E2C4CED7D}.Debug|Any CPU.Build.0 = Debug|Any CPU
		{FBA66F9D-F712-490C-90C2-C52E2C4CED7D}.Release|Any CPU.ActiveCfg = Release|Any CPU
		{FBA66F9D-F712-490C-90C2-C52E2C4CED7D}.Release|Any CPU.Build.0 = Release|Any CPU
		{126502C1-5B78-469A-AF1F-ECA04BF652B5}.Debug|Any CPU.ActiveCfg = Debug|Any CPU
		{126502C1-5B78-469A-AF1F-ECA04BF652B5}.Debug|Any CPU.Build.0 = Debug|Any CPU
		{126502C1-5B78-469A-AF1F-ECA04BF652B5}.Release|Any CPU.ActiveCfg = Release|Any CPU
		{126502C1-5B78-469A-AF1F-ECA04BF652B5}.Release|Any CPU.Build.0 = Release|Any CPU
		{B9294CBA-EED5-4BBD-AB78-B1AD11D08C9B}.Debug|Any CPU.ActiveCfg = Debug|Any CPU
		{B9294CBA-EED5-4BBD-AB78-B1AD11D08C9B}.Debug|Any CPU.Build.0 = Debug|Any CPU
		{B9294CBA-EED5-4BBD-AB78-B1AD11D08C9B}.Release|Any CPU.ActiveCfg = Release|Any CPU
		{B9294CBA-EED5-4BBD-AB78-B1AD11D08C9B}.Release|Any CPU.Build.0 = Release|Any CPU
		{0D1F0A71-3922-4119-8DD3-83128FE3ACCC}.Debug|Any CPU.ActiveCfg = Debug|Any CPU
		{0D1F0A71-3922-4119-8DD3-83128FE3ACCC}.Debug|Any CPU.Build.0 = Debug|Any CPU
		{0D1F0A71-3922-4119-8DD3-83128FE3ACCC}.Release|Any CPU.ActiveCfg = Release|Any CPU
		{0D1F0A71-3922-4119-8DD3-83128FE3ACCC}.Release|Any CPU.Build.0 = Release|Any CPU
		{B49CA209-E349-4021-BF97-B21A7CFF27DA}.Debug|Any CPU.ActiveCfg = Debug|Any CPU
		{B49CA209-E349-4021-BF97-B21A7CFF27DA}.Debug|Any CPU.Build.0 = Debug|Any CPU
		{B49CA209-E349-4021-BF97-B21A7CFF27DA}.Release|Any CPU.ActiveCfg = Release|Any CPU
		{B49CA209-E349-4021-BF97-B21A7CFF27DA}.Release|Any CPU.Build.0 = Release|Any CPU
		{6C83E4C0-99B9-48AC-A26F-7A4977B8F8E0}.Debug|Any CPU.ActiveCfg = Debug|Any CPU
		{6C83E4C0-99B9-48AC-A26F-7A4977B8F8E0}.Debug|Any CPU.Build.0 = Debug|Any CPU
		{6C83E4C0-99B9-48AC-A26F-7A4977B8F8E0}.Release|Any CPU.ActiveCfg = Release|Any CPU
		{6C83E4C0-99B9-48AC-A26F-7A4977B8F8E0}.Release|Any CPU.Build.0 = Release|Any CPU
		{23085F18-1363-4E1A-A2AD-459F6D60D334}.Debug|Any CPU.ActiveCfg = Debug|Any CPU
		{23085F18-1363-4E1A-A2AD-459F6D60D334}.Debug|Any CPU.Build.0 = Debug|Any CPU
		{23085F18-1363-4E1A-A2AD-459F6D60D334}.Release|Any CPU.ActiveCfg = Release|Any CPU
		{23085F18-1363-4E1A-A2AD-459F6D60D334}.Release|Any CPU.Build.0 = Release|Any CPU
	EndGlobalSection
	GlobalSection(SolutionProperties) = preSolution
		HideSolutionNode = FALSE
	EndGlobalSection
	GlobalSection(ExtensibilityGlobals) = postSolution
		SolutionGuid = {990D40F5-3729-45CF-9163-B119016FBFCB}
	EndGlobalSection
EndGlobal
