
Microsoft Visual Studio Solution File, Format Version 12.00
# Visual Studio Version 16
VisualStudioVersion = 16.0.30406.217
MinimumVisualStudioVersion = 10.0.40219.1
Project("{FAE04EC0-301F-11D3-BF4B-00C04F79EFBC}") = "Day1", "Day1.csproj", "{60FCEC2A-6564-4718-8DFA-56EA60AEEDC5}"
EndProject
Global
	GlobalSection(SolutionConfigurationPlatforms) = preSolution
		Debug|Any CPU = Debug|Any CPU
		Release|Any CPU = Release|Any CPU
	EndGlobalSection
	GlobalSection(ProjectConfigurationPlatforms) = postSolution
		{60FCEC2A-6564-4718-8DFA-56EA60AEEDC5}.Debug|Any CPU.ActiveCfg = Debug|Any CPU
		{60FCEC2A-6564-4718-8DFA-56EA60AEEDC5}.Debug|Any CPU.Build.0 = Debug|Any CPU
		{60FCEC2A-6564-4718-8DFA-56EA60AEEDC5}.Release|Any CPU.ActiveCfg = Release|Any CPU
		{60FCEC2A-6564-4718-8DFA-56EA60AEEDC5}.Release|Any CPU.Build.0 = Release|Any CPU
	EndGlobalSection
	GlobalSection(SolutionProperties) = preSolution
		HideSolutionNode = FALSE
	EndGlobalSection
	GlobalSection(ExtensibilityGlobals) = postSolution
		SolutionGuid = {4A99F111-6D96-44BA-B6E0-52513E3FE07A}
	EndGlobalSection
EndGlobal
