
Microsoft Visual Studio Solution File, Format Version 12.00
# Visual Studio Version 16
VisualStudioVersion = 16.0.30406.217
MinimumVisualStudioVersion = 10.0.40219.1
Project("{FAE04EC0-301F-11D3-BF4B-00C04F79EFBC}") = "ATMMachine", "ATMMachine\ATMMachine.csproj", "{27D779D2-E752-4504-91D9-9DC86D55CBED}"
EndProject
Global
	GlobalSection(SolutionConfigurationPlatforms) = preSolution
		Debug|Any CPU = Debug|Any CPU
		Release|Any CPU = Release|Any CPU
	EndGlobalSection
	GlobalSection(ProjectConfigurationPlatforms) = postSolution
		{27D779D2-E752-4504-91D9-9DC86D55CBED}.Debug|Any CPU.ActiveCfg = Debug|Any CPU
		{27D779D2-E752-4504-91D9-9DC86D55CBED}.Debug|Any CPU.Build.0 = Debug|Any CPU
		{27D779D2-E752-4504-91D9-9DC86D55CBED}.Release|Any CPU.ActiveCfg = Release|Any CPU
		{27D779D2-E752-4504-91D9-9DC86D55CBED}.Release|Any CPU.Build.0 = Release|Any CPU
	EndGlobalSection
	GlobalSection(SolutionProperties) = preSolution
		HideSolutionNode = FALSE
	EndGlobalSection
	GlobalSection(ExtensibilityGlobals) = postSolution
		SolutionGuid = {2DB1ADE6-C48F-45D1-92D5-7E140D931715}
	EndGlobalSection
EndGlobal
