
Microsoft Visual Studio Solution File, Format Version 12.00
# Visual Studio Version 16
VisualStudioVersion = 16.0.30406.217
MinimumVisualStudioVersion = 10.0.40219.1
Project("{FAE04EC0-301F-11D3-BF4B-00C04F79EFBC}") = "_00Demo", "_00Demo\_00Demo.csproj", "{32BFFB62-C2D3-4D23-B93B-3049ECFD258C}"
EndProject
Project("{FAE04EC0-301F-11D3-BF4B-00C04F79EFBC}") = "_01Demo", "_01Demo\_01Demo.csproj", "{A58552AF-8D38-4123-93F4-A4DC8045CD8E}"
EndProject
Project("{FAE04EC0-301F-11D3-BF4B-00C04F79EFBC}") = "_03Demo", "_03Demo\_03Demo.csproj", "{ADE4881D-63B6-4195-9403-D3E5A7B9FB68}"
EndProject
Project("{FAE04EC0-301F-11D3-BF4B-00C04F79EFBC}") = "_04Demo", "_04Demo\_04Demo.csproj", "{970DA2CC-1754-4A14-8395-5A126999A06D}"
EndProject
Global
	GlobalSection(SolutionConfigurationPlatforms) = preSolution
		Debug|Any CPU = Debug|Any CPU
		Release|Any CPU = Release|Any CPU
	EndGlobalSection
	GlobalSection(ProjectConfigurationPlatforms) = postSolution
		{32BFFB62-C2D3-4D23-B93B-3049ECFD258C}.Debug|Any CPU.ActiveCfg = Debug|Any CPU
		{32BFFB62-C2D3-4D23-B93B-3049ECFD258C}.Debug|Any CPU.Build.0 = Debug|Any CPU
		{32BFFB62-C2D3-4D23-B93B-3049ECFD258C}.Release|Any CPU.ActiveCfg = Release|Any CPU
		{32BFFB62-C2D3-4D23-B93B-3049ECFD258C}.Release|Any CPU.Build.0 = Release|Any CPU
		{A58552AF-8D38-4123-93F4-A4DC8045CD8E}.Debug|Any CPU.ActiveCfg = Debug|Any CPU
		{A58552AF-8D38-4123-93F4-A4DC8045CD8E}.Debug|Any CPU.Build.0 = Debug|Any CPU
		{A58552AF-8D38-4123-93F4-A4DC8045CD8E}.Release|Any CPU.ActiveCfg = Release|Any CPU
		{A58552AF-8D38-4123-93F4-A4DC8045CD8E}.Release|Any CPU.Build.0 = Release|Any CPU
		{ADE4881D-63B6-4195-9403-D3E5A7B9FB68}.Debug|Any CPU.ActiveCfg = Debug|Any CPU
		{ADE4881D-63B6-4195-9403-D3E5A7B9FB68}.Debug|Any CPU.Build.0 = Debug|Any CPU
		{ADE4881D-63B6-4195-9403-D3E5A7B9FB68}.Release|Any CPU.ActiveCfg = Release|Any CPU
		{ADE4881D-63B6-4195-9403-D3E5A7B9FB68}.Release|Any CPU.Build.0 = Release|Any CPU
		{970DA2CC-1754-4A14-8395-5A126999A06D}.Debug|Any CPU.ActiveCfg = Debug|Any CPU
		{970DA2CC-1754-4A14-8395-5A126999A06D}.Debug|Any CPU.Build.0 = Debug|Any CPU
		{970DA2CC-1754-4A14-8395-5A126999A06D}.Release|Any CPU.ActiveCfg = Release|Any CPU
		{970DA2CC-1754-4A14-8395-5A126999A06D}.Release|Any CPU.Build.0 = Release|Any CPU
	EndGlobalSection
	GlobalSection(SolutionProperties) = preSolution
		HideSolutionNode = FALSE
	EndGlobalSection
	GlobalSection(ExtensibilityGlobals) = postSolution
		SolutionGuid = {D6F36E10-B862-4BE3-ACA1-8502EFB1433D}
	EndGlobalSection
EndGlobal
