
Microsoft Visual Studio Solution File, Format Version 12.00
# Visual Studio Version 16
VisualStudioVersion = 16.0.30406.217
MinimumVisualStudioVersion = 10.0.40219.1
Project("{FAE04EC0-301F-11D3-BF4B-00C04F79EFBC}") = "Student", "Student\Student.csproj", "{D011AE54-BBC7-4CF0-B8D8-6C7D2458DEAA}"
EndProject
Global
	GlobalSection(SolutionConfigurationPlatforms) = preSolution
		Debug|Any CPU = Debug|Any CPU
		Release|Any CPU = Release|Any CPU
	EndGlobalSection
	GlobalSection(ProjectConfigurationPlatforms) = postSolution
		{D011AE54-BBC7-4CF0-B8D8-6C7D2458DEAA}.Debug|Any CPU.ActiveCfg = Debug|Any CPU
		{D011AE54-BBC7-4CF0-B8D8-6C7D2458DEAA}.Debug|Any CPU.Build.0 = Debug|Any CPU
		{D011AE54-BBC7-4CF0-B8D8-6C7D2458DEAA}.Release|Any CPU.ActiveCfg = Release|Any CPU
		{D011AE54-BBC7-4CF0-B8D8-6C7D2458DEAA}.Release|Any CPU.Build.0 = Release|Any CPU
	EndGlobalSection
	GlobalSection(SolutionProperties) = preSolution
		HideSolutionNode = FALSE
	EndGlobalSection
	GlobalSection(ExtensibilityGlobals) = postSolution
		SolutionGuid = {2ED37145-4382-441F-93CF-4EB85E8B7FF1}
	EndGlobalSection
EndGlobal
