
Microsoft Visual Studio Solution File, Format Version 12.00
# Visual Studio Version 16
VisualStudioVersion = 16.0.30406.217
MinimumVisualStudioVersion = 10.0.40219.1
Project("{FAE04EC0-301F-11D3-BF4B-00C04F79EFBC}") = "OOPDemo1", "OOPDemo1\OOPDemo1.csproj", "{BABE529C-4ABE-4C08-9550-00FBEB4AAD97}"
EndProject
Project("{FAE04EC0-301F-11D3-BF4B-00C04F79EFBC}") = "OOP1Demo", "OOP1Demo\OOP1Demo.csproj", "{940FCCB1-5E58-4839-918B-320844FEBE98}"
EndProject
Global
	GlobalSection(SolutionConfigurationPlatforms) = preSolution
		Debug|Any CPU = Debug|Any CPU
		Release|Any CPU = Release|Any CPU
	EndGlobalSection
	GlobalSection(ProjectConfigurationPlatforms) = postSolution
		{BABE529C-4ABE-4C08-9550-00FBEB4AAD97}.Debug|Any CPU.ActiveCfg = Debug|Any CPU
		{BABE529C-4ABE-4C08-9550-00FBEB4AAD97}.Debug|Any CPU.Build.0 = Debug|Any CPU
		{BABE529C-4ABE-4C08-9550-00FBEB4AAD97}.Release|Any CPU.ActiveCfg = Release|Any CPU
		{BABE529C-4ABE-4C08-9550-00FBEB4AAD97}.Release|Any CPU.Build.0 = Release|Any CPU
		{940FCCB1-5E58-4839-918B-320844FEBE98}.Debug|Any CPU.ActiveCfg = Debug|Any CPU
		{940FCCB1-5E58-4839-918B-320844FEBE98}.Debug|Any CPU.Build.0 = Debug|Any CPU
		{940FCCB1-5E58-4839-918B-320844FEBE98}.Release|Any CPU.ActiveCfg = Release|Any CPU
		{940FCCB1-5E58-4839-918B-320844FEBE98}.Release|Any CPU.Build.0 = Release|Any CPU
	EndGlobalSection
	GlobalSection(SolutionProperties) = preSolution
		HideSolutionNode = FALSE
	EndGlobalSection
	GlobalSection(ExtensibilityGlobals) = postSolution
		SolutionGuid = {9980E04B-C8A4-45BA-B445-E4E196F86F69}
	EndGlobalSection
EndGlobal
